
Microsoft Visual Studio Solution File, Format Version 12.00
Project("{FAE04EC0-301F-11D3-BF4B-00C04F79EFBC}") = "FuerzaG", "FuerzaG.csproj", "{3E12065C-EEAD-4FC3-A5AB-79901723CFE0}"
EndProject
Global
	GlobalSection(SolutionConfigurationPlatforms) = preSolution
		Debug|Any CPU = Debug|Any CPU
		Release|Any CPU = Release|Any CPU
	EndGlobalSection
	GlobalSection(ProjectConfigurationPlatforms) = postSolution
		{3E12065C-EEAD-4FC3-A5AB-79901723CFE0}.Debug|Any CPU.ActiveCfg = Debug|Any CPU
		{3E12065C-EEAD-4FC3-A5AB-79901723CFE0}.Debug|Any CPU.Build.0 = Debug|Any CPU
		{3E12065C-EEAD-4FC3-A5AB-79901723CFE0}.Release|Any CPU.ActiveCfg = Release|Any CPU
		{3E12065C-EEAD-4FC3-A5AB-79901723CFE0}.Release|Any CPU.Build.0 = Release|Any CPU
	EndGlobalSection
EndGlobal
